
Microsoft Visual Studio Solution File, Format Version 12.00
# Visual Studio Version 16
VisualStudioVersion = 16.0.29905.134
MinimumVisualStudioVersion = 15.0.26124.0
Project("{9A19103F-16F7-4668-BE54-9A1E7A4F7556}") = "Web", "Web\Web.csproj", "{F293E1D5-7B14-4DCF-8A44-BFACF6F9AB6E}"
EndProject
Project("{9A19103F-16F7-4668-BE54-9A1E7A4F7556}") = "Worker", "Worker\Worker.csproj", "{588D7A7F-3F00-4E94-A979-7C332D727297}"
EndProject
Project("{E53339B2-1760-4266-BCC7-CA923CBCF16C}") = "docker-compose", "docker-compose.dcproj", "{BF870BA6-C3AE-4664-924A-DDE15DC3DB4E}"
EndProject
Global
	GlobalSection(SolutionConfigurationPlatforms) = preSolution
		Debug|Any CPU = Debug|Any CPU
		Debug|x64 = Debug|x64
		Debug|x86 = Debug|x86
		Release|Any CPU = Release|Any CPU
		Release|x64 = Release|x64
		Release|x86 = Release|x86
	EndGlobalSection
	GlobalSection(ProjectConfigurationPlatforms) = postSolution
		{F293E1D5-7B14-4DCF-8A44-BFACF6F9AB6E}.Debug|Any CPU.ActiveCfg = Debug|Any CPU
		{F293E1D5-7B14-4DCF-8A44-BFACF6F9AB6E}.Debug|Any CPU.Build.0 = Debug|Any CPU
		{F293E1D5-7B14-4DCF-8A44-BFACF6F9AB6E}.Debug|x64.ActiveCfg = Debug|Any CPU
		{F293E1D5-7B14-4DCF-8A44-BFACF6F9AB6E}.Debug|x64.Build.0 = Debug|Any CPU
		{F293E1D5-7B14-4DCF-8A44-BFACF6F9AB6E}.Debug|x86.ActiveCfg = Debug|Any CPU
		{F293E1D5-7B14-4DCF-8A44-BFACF6F9AB6E}.Debug|x86.Build.0 = Debug|Any CPU
		{F293E1D5-7B14-4DCF-8A44-BFACF6F9AB6E}.Release|Any CPU.ActiveCfg = Release|Any CPU
		{F293E1D5-7B14-4DCF-8A44-BFACF6F9AB6E}.Release|Any CPU.Build.0 = Release|Any CPU
		{F293E1D5-7B14-4DCF-8A44-BFACF6F9AB6E}.Release|x64.ActiveCfg = Release|Any CPU
		{F293E1D5-7B14-4DCF-8A44-BFACF6F9AB6E}.Release|x64.Build.0 = Release|Any CPU
		{F293E1D5-7B14-4DCF-8A44-BFACF6F9AB6E}.Release|x86.ActiveCfg = Release|Any CPU
		{F293E1D5-7B14-4DCF-8A44-BFACF6F9AB6E}.Release|x86.Build.0 = Release|Any CPU
		{588D7A7F-3F00-4E94-A979-7C332D727297}.Debug|Any CPU.ActiveCfg = Debug|Any CPU
		{588D7A7F-3F00-4E94-A979-7C332D727297}.Debug|Any CPU.Build.0 = Debug|Any CPU
		{588D7A7F-3F00-4E94-A979-7C332D727297}.Debug|x64.ActiveCfg = Debug|Any CPU
		{588D7A7F-3F00-4E94-A979-7C332D727297}.Debug|x64.Build.0 = Debug|Any CPU
		{588D7A7F-3F00-4E94-A979-7C332D727297}.Debug|x86.ActiveCfg = Debug|Any CPU
		{588D7A7F-3F00-4E94-A979-7C332D727297}.Debug|x86.Build.0 = Debug|Any CPU
		{588D7A7F-3F00-4E94-A979-7C332D727297}.Release|Any CPU.ActiveCfg = Release|Any CPU
		{588D7A7F-3F00-4E94-A979-7C332D727297}.Release|Any CPU.Build.0 = Release|Any CPU
		{588D7A7F-3F00-4E94-A979-7C332D727297}.Release|x64.ActiveCfg = Release|Any CPU
		{588D7A7F-3F00-4E94-A979-7C332D727297}.Release|x64.Build.0 = Release|Any CPU
		{588D7A7F-3F00-4E94-A979-7C332D727297}.Release|x86.ActiveCfg = Release|Any CPU
		{588D7A7F-3F00-4E94-A979-7C332D727297}.Release|x86.Build.0 = Release|Any CPU
		{BF870BA6-C3AE-4664-924A-DDE15DC3DB4E}.Debug|Any CPU.ActiveCfg = Debug|Any CPU
		{BF870BA6-C3AE-4664-924A-DDE15DC3DB4E}.Debug|Any CPU.Build.0 = Debug|Any CPU
		{BF870BA6-C3AE-4664-924A-DDE15DC3DB4E}.Debug|x64.ActiveCfg = Debug|Any CPU
		{BF870BA6-C3AE-4664-924A-DDE15DC3DB4E}.Debug|x64.Build.0 = Debug|Any CPU
		{BF870BA6-C3AE-4664-924A-DDE15DC3DB4E}.Debug|x86.ActiveCfg = Debug|Any CPU
		{BF870BA6-C3AE-4664-924A-DDE15DC3DB4E}.Debug|x86.Build.0 = Debug|Any CPU
		{BF870BA6-C3AE-4664-924A-DDE15DC3DB4E}.Release|Any CPU.ActiveCfg = Release|Any CPU
		{BF870BA6-C3AE-4664-924A-DDE15DC3DB4E}.Release|Any CPU.Build.0 = Release|Any CPU
		{BF870BA6-C3AE-4664-924A-DDE15DC3DB4E}.Release|x64.ActiveCfg = Release|Any CPU
		{BF870BA6-C3AE-4664-924A-DDE15DC3DB4E}.Release|x64.Build.0 = Release|Any CPU
		{BF870BA6-C3AE-4664-924A-DDE15DC3DB4E}.Release|x86.ActiveCfg = Release|Any CPU
		{BF870BA6-C3AE-4664-924A-DDE15DC3DB4E}.Release|x86.Build.0 = Release|Any CPU
	EndGlobalSection
	GlobalSection(SolutionProperties) = preSolution
		HideSolutionNode = FALSE
	EndGlobalSection
	GlobalSection(ExtensibilityGlobals) = postSolution
		SolutionGuid = {3F8A6271-9685-4982-A382-A08F854FD7DD}
	EndGlobalSection
EndGlobal
